
Microsoft Visual Studio Solution File, Format Version 12.00
# Visual Studio Version 17
VisualStudioVersion = 17.14.36518.9 d17.14
MinimumVisualStudioVersion = 10.0.40219.1
Project("{FAE04EC0-301F-11D3-BF4B-00C04F79EFBC}") = "EBanking.Api", "EBanking.Api\EBanking.Api.csproj", "{C94920CD-8B13-4A30-8B3D-7254031089F0}"
EndProject
Global
	GlobalSection(SolutionConfigurationPlatforms) = preSolution
		Debug|Any CPU = Debug|Any CPU
		Release|Any CPU = Release|Any CPU
	EndGlobalSection
	GlobalSection(ProjectConfigurationPlatforms) = postSolution
		{C94920CD-8B13-4A30-8B3D-7254031089F0}.Debug|Any CPU.ActiveCfg = Debug|Any CPU
		{C94920CD-8B13-4A30-8B3D-7254031089F0}.Debug|Any CPU.Build.0 = Debug|Any CPU
		{C94920CD-8B13-4A30-8B3D-7254031089F0}.Release|Any CPU.ActiveCfg = Release|Any CPU
		{C94920CD-8B13-4A30-8B3D-7254031089F0}.Release|Any CPU.Build.0 = Release|Any CPU
	EndGlobalSection
	GlobalSection(SolutionProperties) = preSolution
		HideSolutionNode = FALSE
	EndGlobalSection
	GlobalSection(ExtensibilityGlobals) = postSolution
		SolutionGuid = {BBF900D3-E29A-42FA-A457-80B3AC458CC3}
	EndGlobalSection
EndGlobal
